
Microsoft Visual Studio Solution File, Format Version 12.00
# Visual Studio 15
VisualStudioVersion = 15.0.26730.10
MinimumVisualStudioVersion = 10.0.40219.1
Project("{FAE04EC0-301F-11D3-BF4B-00C04F79EFBC}") = "TaureauPDFProcessor", "TaureauPDFProcessor\TaureauPDFProcessor.csproj", "{5BF1FD2E-09AA-40AD-B057-F3A8A318CFDC}"
EndProject
Project("{FAE04EC0-301F-11D3-BF4B-00C04F79EFBC}") = "AdobeTestProject", "AdobeTestProject\AdobeTestProject.csproj", "{E8E81C10-BD38-4517-8750-1D3E53991431}"
EndProject
Project("{54435603-DBB4-11D2-8724-00A0C9A8B90C}") = "TaureauPDFProcessorSetup", "TaureauPDFProcessorSetup\TaureauPDFProcessorSetup.vdproj", "{FD32FDDC-446E-411B-85C6-D153ECE2C3E3}"
EndProject
Global
	GlobalSection(SolutionConfigurationPlatforms) = preSolution
		Debug|Any CPU = Debug|Any CPU
		Release|Any CPU = Release|Any CPU
	EndGlobalSection
	GlobalSection(ProjectConfigurationPlatforms) = postSolution
		{5BF1FD2E-09AA-40AD-B057-F3A8A318CFDC}.Debug|Any CPU.ActiveCfg = Debug|Any CPU
		{5BF1FD2E-09AA-40AD-B057-F3A8A318CFDC}.Debug|Any CPU.Build.0 = Debug|Any CPU
		{5BF1FD2E-09AA-40AD-B057-F3A8A318CFDC}.Release|Any CPU.ActiveCfg = Release|Any CPU
		{5BF1FD2E-09AA-40AD-B057-F3A8A318CFDC}.Release|Any CPU.Build.0 = Release|Any CPU
		{E8E81C10-BD38-4517-8750-1D3E53991431}.Debug|Any CPU.ActiveCfg = Debug|Any CPU
		{E8E81C10-BD38-4517-8750-1D3E53991431}.Debug|Any CPU.Build.0 = Debug|Any CPU
		{E8E81C10-BD38-4517-8750-1D3E53991431}.Release|Any CPU.ActiveCfg = Release|Any CPU
		{E8E81C10-BD38-4517-8750-1D3E53991431}.Release|Any CPU.Build.0 = Release|Any CPU
		{FD32FDDC-446E-411B-85C6-D153ECE2C3E3}.Debug|Any CPU.ActiveCfg = Debug
		{FD32FDDC-446E-411B-85C6-D153ECE2C3E3}.Release|Any CPU.ActiveCfg = Release
		{FD32FDDC-446E-411B-85C6-D153ECE2C3E3}.Release|Any CPU.Build.0 = Release
	EndGlobalSection
	GlobalSection(SolutionProperties) = preSolution
		HideSolutionNode = FALSE
	EndGlobalSection
	GlobalSection(ExtensibilityGlobals) = postSolution
		SolutionGuid = {FB5EACE9-DB55-49FA-8474-651198157C01}
	EndGlobalSection
EndGlobal
